
Microsoft Visual Studio Solution File, Format Version 12.00
# Visual Studio 15
VisualStudioVersion = 15.0.28307.489
MinimumVisualStudioVersion = 10.0.40219.1
Project("{FAE04EC0-301F-11D3-BF4B-00C04F79EFBC}") = "FireGame_1Project", "FireGame_1Project\FireGame_1Project.csproj", "{79E3A9EE-D8DF-46F0-9696-BE88F793D33C}"
EndProject
Project("{FAE04EC0-301F-11D3-BF4B-00C04F79EFBC}") = "FireGame_1ProjectTests", "FireGame_1ProjectTests\FireGame_1ProjectTests.csproj", "{256849E1-C41F-488D-B37B-03BA6642FF90}"
EndProject
Global
	GlobalSection(SolutionConfigurationPlatforms) = preSolution
		Debug|Any CPU = Debug|Any CPU
		Release|Any CPU = Release|Any CPU
	EndGlobalSection
	GlobalSection(ProjectConfigurationPlatforms) = postSolution
		{79E3A9EE-D8DF-46F0-9696-BE88F793D33C}.Debug|Any CPU.ActiveCfg = Debug|Any CPU
		{79E3A9EE-D8DF-46F0-9696-BE88F793D33C}.Debug|Any CPU.Build.0 = Debug|Any CPU
		{79E3A9EE-D8DF-46F0-9696-BE88F793D33C}.Release|Any CPU.ActiveCfg = Release|Any CPU
		{79E3A9EE-D8DF-46F0-9696-BE88F793D33C}.Release|Any CPU.Build.0 = Release|Any CPU
		{256849E1-C41F-488D-B37B-03BA6642FF90}.Debug|Any CPU.ActiveCfg = Debug|Any CPU
		{256849E1-C41F-488D-B37B-03BA6642FF90}.Debug|Any CPU.Build.0 = Debug|Any CPU
		{256849E1-C41F-488D-B37B-03BA6642FF90}.Release|Any CPU.ActiveCfg = Release|Any CPU
		{256849E1-C41F-488D-B37B-03BA6642FF90}.Release|Any CPU.Build.0 = Release|Any CPU
	EndGlobalSection
	GlobalSection(SolutionProperties) = preSolution
		HideSolutionNode = FALSE
	EndGlobalSection
	GlobalSection(ExtensibilityGlobals) = postSolution
		SolutionGuid = {4FDD1DB3-0EFB-4BA7-9510-12AD54990BB2}
	EndGlobalSection
EndGlobal
